// !$*UTF8*$!
{
	archiveVersion = 1;
	classes = {
	};
	objectVersion = 56;
	objects = {

/* Begin PBXBuildFile section */
		1B00000000000000000000B1 /* OfflineListenApp.swift in Sources */ = {isa = PBXBuildFile; fileRef = 1A00000000000000000000A1 /* OfflineListenApp.swift */; };
		1B00000000000000000000B2 /* Models.swift in Sources */ = {isa = PBXBuildFile; fileRef = 1A00000000000000000000A2 /* Models.swift */; };
		1B00000000000000000000B3 /* LibraryStore.swift in Sources */ = {isa = PBXBuildFile; fileRef = 1A00000000000000000000A3 /* LibraryStore.swift */; };
		1B00000000000000000000B4 /* DownloadManager.swift in Sources */ = {isa = PBXBuildFile; fileRef = 1A00000000000000000000A4 /* DownloadManager.swift */; };
		1B00000000000000000000B5 /* YouTubeExtractor.swift in Sources */ = {isa = PBXBuildFile; fileRef = 1A00000000000000000000A5 /* YouTubeExtractor.swift */; };
		1B00000000000000000000B7 /* PlaybackManager.swift in Sources */ = {isa = PBXBuildFile; fileRef = 1A00000000000000000000A7 /* PlaybackManager.swift */; };
		1B00000000000000000000B8 /* RootView.swift in Sources */ = {isa = PBXBuildFile; fileRef = 1A00000000000000000000A8 /* RootView.swift */; };
		1B00000000000000000000B9 /* DownloadView.swift in Sources */ = {isa = PBXBuildFile; fileRef = 1A00000000000000000000A9 /* DownloadView.swift */; };
		1B00000000000000000000BA /* LibraryView.swift in Sources */ = {isa = PBXBuildFile; fileRef = 1A00000000000000000000AA /* LibraryView.swift */; };
		1B00000000000000000000BB /* PlayerView.swift in Sources */ = {isa = PBXBuildFile; fileRef = 1A00000000000000000000AB /* PlayerView.swift */; };
		1B00000000000000000000BC /* Assets.xcassets in Resources */ = {isa = PBXBuildFile; fileRef = 1A00000000000000000000AC /* Assets.xcassets */; };
		1B00000000000000000000BE /* YoutubeDL in Frameworks */ = {isa = PBXBuildFile; productRef = 2300000000000000000000A2 /* YoutubeDL */; };
		1B00000000000000000000BF /* Logger.swift in Sources */ = {isa = PBXBuildFile; fileRef = 1A00000000000000000000AF /* Logger.swift */; };
		1B00000000000000000000C0 /* LogView.swift in Sources */ = {isa = PBXBuildFile; fileRef = 1A00000000000000000000B0 /* LogView.swift */; };
		1B00000000000000000000C2 /* AudioStreamDownloader.swift in Sources */ = {isa = PBXBuildFile; fileRef = 1A00000000000000000000B1 /* AudioStreamDownloader.swift */; };
		1B00000000000000000000C3 /* CompositeExtractor.swift in Sources */ = {isa = PBXBuildFile; fileRef = 1A00000000000000000000B2 /* CompositeExtractor.swift */; };
		1B00000000000000000000C4 /* YouTubeKitExtractor.swift in Sources */ = {isa = PBXBuildFile; fileRef = 1A00000000000000000000B3 /* YouTubeKitExtractor.swift */; };
		1B00000000000000000000C5 /* YouTubeKit in Frameworks */ = {isa = PBXBuildFile; productRef = 2300000000000000000000A3 /* YouTubeKit */; };
		1B00000000000000000000C6 /* VideoAudioExtractor.swift in Sources */ = {isa = PBXBuildFile; fileRef = 1A00000000000000000000B4 /* VideoAudioExtractor.swift */; };
		1B00000000000000000000C7 /* VideoMerger.swift in Sources */ = {isa = PBXBuildFile; fileRef = 1A00000000000000000000B5 /* VideoMerger.swift */; };
		1B00000000000000000000C8 /* FolderView.swift in Sources */ = {isa = PBXBuildFile; fileRef = 1A00000000000000000000B6 /* FolderView.swift */; };
		1B00000000000000000000C9 /* ChapterFetcher.swift in Sources */ = {isa = PBXBuildFile; fileRef = 1A00000000000000000000B7 /* ChapterFetcher.swift */; };
		1B00000000000000000000CA /* ChapterSplitter.swift in Sources */ = {isa = PBXBuildFile; fileRef = 1A00000000000000000000B8 /* ChapterSplitter.swift */; };
		3B00000000000000000000A3 /* SharedInbox.swift in Sources */ = {isa = PBXBuildFile; fileRef = 3A00000000000000000000A5 /* SharedInbox.swift */; };
		3B00000000000000000000A1 /* ShareViewController.swift in Sources */ = {isa = PBXBuildFile; fileRef = 3A00000000000000000000A1 /* ShareViewController.swift */; };
		3B00000000000000000000A2 /* SharedInbox.swift in Sources */ = {isa = PBXBuildFile; fileRef = 3A00000000000000000000A5 /* SharedInbox.swift */; };
		3B00000000000000000000A4 /* ShareExtension.appex in Embed App Extensions */ = {isa = PBXBuildFile; fileRef = 3A00000000000000000000A4 /* ShareExtension.appex */; settings = {ATTRIBUTES = (RemoveHeadersOnCopy, ); }; };
/* End PBXBuildFile section */

/* Begin PBXContainerItemProxy section */
		3000000000000000000000A3 /* PBXContainerItemProxy */ = {
			isa = PBXContainerItemProxy;
			containerPortal = 2100000000000000000000A0 /* Project object */;
			proxyType = 1;
			remoteGlobalIDString = 3000000000000000000000A1;
			remoteInfo = ShareExtension;
		};
/* End PBXContainerItemProxy section */

/* Begin PBXFileReference section */
		1A00000000000000000000A1 /* OfflineListenApp.swift */ = {isa = PBXFileReference; lastKnownFileType = sourcecode.swift; path = OfflineListenApp.swift; sourceTree = "<group>"; };
		1A00000000000000000000A2 /* Models.swift */ = {isa = PBXFileReference; lastKnownFileType = sourcecode.swift; path = Models.swift; sourceTree = "<group>"; };
		1A00000000000000000000A3 /* LibraryStore.swift */ = {isa = PBXFileReference; lastKnownFileType = sourcecode.swift; path = LibraryStore.swift; sourceTree = "<group>"; };
		1A00000000000000000000A4 /* DownloadManager.swift */ = {isa = PBXFileReference; lastKnownFileType = sourcecode.swift; path = DownloadManager.swift; sourceTree = "<group>"; };
		1A00000000000000000000A5 /* YouTubeExtractor.swift */ = {isa = PBXFileReference; lastKnownFileType = sourcecode.swift; path = YouTubeExtractor.swift; sourceTree = "<group>"; };
		1A00000000000000000000A7 /* PlaybackManager.swift */ = {isa = PBXFileReference; lastKnownFileType = sourcecode.swift; path = PlaybackManager.swift; sourceTree = "<group>"; };
		1A00000000000000000000A8 /* RootView.swift */ = {isa = PBXFileReference; lastKnownFileType = sourcecode.swift; path = RootView.swift; sourceTree = "<group>"; };
		1A00000000000000000000A9 /* DownloadView.swift */ = {isa = PBXFileReference; lastKnownFileType = sourcecode.swift; path = DownloadView.swift; sourceTree = "<group>"; };
		1A00000000000000000000AA /* LibraryView.swift */ = {isa = PBXFileReference; lastKnownFileType = sourcecode.swift; path = LibraryView.swift; sourceTree = "<group>"; };
		1A00000000000000000000AB /* PlayerView.swift */ = {isa = PBXFileReference; lastKnownFileType = sourcecode.swift; path = PlayerView.swift; sourceTree = "<group>"; };
		1A00000000000000000000AF /* Logger.swift */ = {isa = PBXFileReference; lastKnownFileType = sourcecode.swift; path = Logger.swift; sourceTree = "<group>"; };
		1A00000000000000000000B0 /* LogView.swift */ = {isa = PBXFileReference; lastKnownFileType = sourcecode.swift; path = LogView.swift; sourceTree = "<group>"; };
		1A00000000000000000000B1 /* AudioStreamDownloader.swift */ = {isa = PBXFileReference; lastKnownFileType = sourcecode.swift; path = AudioStreamDownloader.swift; sourceTree = "<group>"; };
		1A00000000000000000000B2 /* CompositeExtractor.swift */ = {isa = PBXFileReference; lastKnownFileType = sourcecode.swift; path = CompositeExtractor.swift; sourceTree = "<group>"; };
		1A00000000000000000000B3 /* YouTubeKitExtractor.swift */ = {isa = PBXFileReference; lastKnownFileType = sourcecode.swift; path = YouTubeKitExtractor.swift; sourceTree = "<group>"; };
		1A00000000000000000000B4 /* VideoAudioExtractor.swift */ = {isa = PBXFileReference; lastKnownFileType = sourcecode.swift; path = VideoAudioExtractor.swift; sourceTree = "<group>"; };
		1A00000000000000000000B5 /* VideoMerger.swift */ = {isa = PBXFileReference; lastKnownFileType = sourcecode.swift; path = VideoMerger.swift; sourceTree = "<group>"; };
		1A00000000000000000000B6 /* FolderView.swift */ = {isa = PBXFileReference; lastKnownFileType = sourcecode.swift; path = FolderView.swift; sourceTree = "<group>"; };
		1A00000000000000000000B7 /* ChapterFetcher.swift */ = {isa = PBXFileReference; lastKnownFileType = sourcecode.swift; path = ChapterFetcher.swift; sourceTree = "<group>"; };
		1A00000000000000000000B8 /* ChapterSplitter.swift */ = {isa = PBXFileReference; lastKnownFileType = sourcecode.swift; path = ChapterSplitter.swift; sourceTree = "<group>"; };
		1A00000000000000000000AC /* Assets.xcassets */ = {isa = PBXFileReference; lastKnownFileType = folder.assetcatalog; path = Assets.xcassets; sourceTree = "<group>"; };
		1A00000000000000000000AD /* Info.plist */ = {isa = PBXFileReference; lastKnownFileType = text.plist.xml; path = Info.plist; sourceTree = "<group>"; };
		1A00000000000000000000AE /* OfflineListen.app */ = {isa = PBXFileReference; explicitFileType = wrapper.application; includeInIndex = 0; path = OfflineListen.app; sourceTree = BUILT_PRODUCTS_DIR; };
		3A00000000000000000000A5 /* SharedInbox.swift */ = {isa = PBXFileReference; lastKnownFileType = sourcecode.swift; path = SharedInbox.swift; sourceTree = "<group>"; };
		3A00000000000000000000A6 /* OfflineListen.entitlements */ = {isa = PBXFileReference; lastKnownFileType = text.plist.entitlements; path = OfflineListen.entitlements; sourceTree = "<group>"; };
		3A00000000000000000000A1 /* ShareViewController.swift */ = {isa = PBXFileReference; lastKnownFileType = sourcecode.swift; path = ShareViewController.swift; sourceTree = "<group>"; };
		3A00000000000000000000A2 /* Info.plist */ = {isa = PBXFileReference; lastKnownFileType = text.plist.xml; path = Info.plist; sourceTree = "<group>"; };
		3A00000000000000000000A3 /* ShareExtension.entitlements */ = {isa = PBXFileReference; lastKnownFileType = text.plist.entitlements; path = ShareExtension.entitlements; sourceTree = "<group>"; };
		3A00000000000000000000A4 /* ShareExtension.appex */ = {isa = PBXFileReference; explicitFileType = "wrapper.app-extension"; includeInIndex = 0; path = ShareExtension.appex; sourceTree = BUILT_PRODUCTS_DIR; };
/* End PBXFileReference section */

/* Begin PBXFrameworksBuildPhase section */
		1D00000000000000000000D2 /* Frameworks */ = {
			isa = PBXFrameworksBuildPhase;
			buildActionMask = 2147483647;
			files = (
				1B00000000000000000000BE /* YoutubeDL in Frameworks */,
				1B00000000000000000000C5 /* YouTubeKit in Frameworks */,
			);
			runOnlyForDeploymentPostprocessing = 0;
		};
		3D00000000000000000000A2 /* Frameworks */ = {
			isa = PBXFrameworksBuildPhase;
			buildActionMask = 2147483647;
			files = (
			);
			runOnlyForDeploymentPostprocessing = 0;
		};
/* End PBXFrameworksBuildPhase section */

/* Begin PBXGroup section */
		1C00000000000000000000C1 = {
			isa = PBXGroup;
			children = (
				1C00000000000000000000C2 /* OfflineListen */,
				3C00000000000000000000A1 /* ShareExtension */,
				1C00000000000000000000C3 /* Products */,
			);
			sourceTree = "<group>";
		};
		1C00000000000000000000C2 /* OfflineListen */ = {
			isa = PBXGroup;
			children = (
				1A00000000000000000000A1 /* OfflineListenApp.swift */,
				1A00000000000000000000A2 /* Models.swift */,
				1A00000000000000000000A3 /* LibraryStore.swift */,
				1A00000000000000000000A4 /* DownloadManager.swift */,
				1A00000000000000000000A5 /* YouTubeExtractor.swift */,
				1A00000000000000000000A7 /* PlaybackManager.swift */,
				1A00000000000000000000A8 /* RootView.swift */,
				1A00000000000000000000A9 /* DownloadView.swift */,
				1A00000000000000000000AA /* LibraryView.swift */,
				1A00000000000000000000B6 /* FolderView.swift */,
				1A00000000000000000000B7 /* ChapterFetcher.swift */,
				1A00000000000000000000B8 /* ChapterSplitter.swift */,
				1A00000000000000000000AB /* PlayerView.swift */,
				1A00000000000000000000AF /* Logger.swift */,
				1A00000000000000000000B0 /* LogView.swift */,
				1A00000000000000000000B1 /* AudioStreamDownloader.swift */,
				1A00000000000000000000B2 /* CompositeExtractor.swift */,
				1A00000000000000000000B3 /* YouTubeKitExtractor.swift */,
				1A00000000000000000000B4 /* VideoAudioExtractor.swift */,
				1A00000000000000000000B5 /* VideoMerger.swift */,
				3A00000000000000000000A5 /* SharedInbox.swift */,
				1A00000000000000000000AC /* Assets.xcassets */,
				1A00000000000000000000AD /* Info.plist */,
				3A00000000000000000000A6 /* OfflineListen.entitlements */,
			);
			path = OfflineListen;
			sourceTree = "<group>";
		};
		3C00000000000000000000A1 /* ShareExtension */ = {
			isa = PBXGroup;
			children = (
				3A00000000000000000000A1 /* ShareViewController.swift */,
				3A00000000000000000000A2 /* Info.plist */,
				3A00000000000000000000A3 /* ShareExtension.entitlements */,
			);
			path = ShareExtension;
			sourceTree = "<group>";
		};
		1C00000000000000000000C3 /* Products */ = {
			isa = PBXGroup;
			children = (
				1A00000000000000000000AE /* OfflineListen.app */,
				3A00000000000000000000A4 /* ShareExtension.appex */,
			);
			name = Products;
			sourceTree = "<group>";
		};
/* End PBXGroup section */

/* Begin PBXNativeTarget section */
		2000000000000000000000A0 /* OfflineListen */ = {
			isa = PBXNativeTarget;
			buildConfigurationList = 1E00000000000000000000E2 /* Build configuration list for PBXNativeTarget "OfflineListen" */;
			buildPhases = (
				1D00000000000000000000D1 /* Sources */,
				1D00000000000000000000D2 /* Frameworks */,
				1D00000000000000000000D3 /* Resources */,
				3D00000000000000000000A4 /* Embed App Extensions */,
			);
			buildRules = (
			);
			dependencies = (
				3000000000000000000000A2 /* PBXTargetDependency */,
			);
			name = OfflineListen;
			packageProductDependencies = (
				2300000000000000000000A2 /* YoutubeDL */,
				2300000000000000000000A3 /* YouTubeKit */,
			);
			productName = OfflineListen;
			productReference = 1A00000000000000000000AE /* OfflineListen.app */;
			productType = "com.apple.product-type.application";
		};
		3000000000000000000000A1 /* ShareExtension */ = {
			isa = PBXNativeTarget;
			buildConfigurationList = 3E00000000000000000000A1 /* Build configuration list for PBXNativeTarget "ShareExtension" */;
			buildPhases = (
				3D00000000000000000000A1 /* Sources */,
				3D00000000000000000000A2 /* Frameworks */,
				3D00000000000000000000A3 /* Resources */,
			);
			buildRules = (
			);
			dependencies = (
			);
			name = ShareExtension;
			productName = ShareExtension;
			productReference = 3A00000000000000000000A4 /* ShareExtension.appex */;
			productType = "com.apple.product-type.app-extension";
		};
/* End PBXNativeTarget section */

/* Begin PBXProject section */
		2100000000000000000000A0 /* Project object */ = {
			isa = PBXProject;
			attributes = {
				BuildIndependentTargetsInParallel = 1;
				LastSwiftUpdateCheck = 1500;
				LastUpgradeCheck = 1500;
				TargetAttributes = {
					2000000000000000000000A0 = {
						CreatedOnToolsVersion = 15.0;
					};
					3000000000000000000000A1 = {
						CreatedOnToolsVersion = 15.0;
					};
				};
			};
			buildConfigurationList = 1E00000000000000000000E1 /* Build configuration list for PBXProject "OfflineListen" */;
			compatibilityVersion = "Xcode 14.0";
			developmentRegion = en;
			hasScannedForEncodings = 0;
			knownRegions = (
				en,
				Base,
			);
			mainGroup = 1C00000000000000000000C1;
			packageReferences = (
				2200000000000000000000A2 /* XCRemoteSwiftPackageReference "YoutubeDL-iOS" */,
				2200000000000000000000A3 /* XCRemoteSwiftPackageReference "YouTubeKit" */,
			);
			productRefGroup = 1C00000000000000000000C3 /* Products */;
			projectDirPath = "";
			projectRoot = "";
			targets = (
				2000000000000000000000A0 /* OfflineListen */,
				3000000000000000000000A1 /* ShareExtension */,
			);
		};
/* End PBXProject section */

/* Begin PBXCopyFilesBuildPhase section */
		3D00000000000000000000A4 /* Embed App Extensions */ = {
			isa = PBXCopyFilesBuildPhase;
			buildActionMask = 2147483647;
			dstPath = "";
			dstSubfolderSpec = 13;
			files = (
				3B00000000000000000000A4 /* ShareExtension.appex in Embed App Extensions */,
			);
			name = "Embed App Extensions";
			runOnlyForDeploymentPostprocessing = 0;
		};
/* End PBXCopyFilesBuildPhase section */

/* Begin PBXResourcesBuildPhase section */
		1D00000000000000000000D3 /* Resources */ = {
			isa = PBXResourcesBuildPhase;
			buildActionMask = 2147483647;
			files = (
				1B00000000000000000000BC /* Assets.xcassets in Resources */,
			);
			runOnlyForDeploymentPostprocessing = 0;
		};
		3D00000000000000000000A3 /* Resources */ = {
			isa = PBXResourcesBuildPhase;
			buildActionMask = 2147483647;
			files = (
			);
			runOnlyForDeploymentPostprocessing = 0;
		};
/* End PBXResourcesBuildPhase section */

/* Begin PBXSourcesBuildPhase section */
		1D00000000000000000000D1 /* Sources */ = {
			isa = PBXSourcesBuildPhase;
			buildActionMask = 2147483647;
			files = (
				1B00000000000000000000B1 /* OfflineListenApp.swift in Sources */,
				1B00000000000000000000B2 /* Models.swift in Sources */,
				1B00000000000000000000B3 /* LibraryStore.swift in Sources */,
				1B00000000000000000000B4 /* DownloadManager.swift in Sources */,
				1B00000000000000000000B5 /* YouTubeExtractor.swift in Sources */,
				1B00000000000000000000B7 /* PlaybackManager.swift in Sources */,
				1B00000000000000000000B8 /* RootView.swift in Sources */,
				1B00000000000000000000B9 /* DownloadView.swift in Sources */,
				1B00000000000000000000BA /* LibraryView.swift in Sources */,
				1B00000000000000000000C8 /* FolderView.swift in Sources */,
				1B00000000000000000000C9 /* ChapterFetcher.swift in Sources */,
				1B00000000000000000000CA /* ChapterSplitter.swift in Sources */,
				1B00000000000000000000BB /* PlayerView.swift in Sources */,
				1B00000000000000000000BF /* Logger.swift in Sources */,
				1B00000000000000000000C0 /* LogView.swift in Sources */,
				1B00000000000000000000C2 /* AudioStreamDownloader.swift in Sources */,
				1B00000000000000000000C3 /* CompositeExtractor.swift in Sources */,
				1B00000000000000000000C4 /* YouTubeKitExtractor.swift in Sources */,
				1B00000000000000000000C6 /* VideoAudioExtractor.swift in Sources */,
				1B00000000000000000000C7 /* VideoMerger.swift in Sources */,
				3B00000000000000000000A3 /* SharedInbox.swift in Sources */,
			);
			runOnlyForDeploymentPostprocessing = 0;
		};
		3D00000000000000000000A1 /* Sources */ = {
			isa = PBXSourcesBuildPhase;
			buildActionMask = 2147483647;
			files = (
				3B00000000000000000000A1 /* ShareViewController.swift in Sources */,
				3B00000000000000000000A2 /* SharedInbox.swift in Sources */,
			);
			runOnlyForDeploymentPostprocessing = 0;
		};
/* End PBXSourcesBuildPhase section */

/* Begin PBXTargetDependency section */
		3000000000000000000000A2 /* PBXTargetDependency */ = {
			isa = PBXTargetDependency;
			target = 3000000000000000000000A1 /* ShareExtension */;
			targetProxy = 3000000000000000000000A3 /* PBXContainerItemProxy */;
		};
/* End PBXTargetDependency section */

/* Begin XCBuildConfiguration section */
		1F00000000000000000000F1 /* Debug */ = {
			isa = XCBuildConfiguration;
			buildSettings = {
				ALWAYS_SEARCH_USER_PATHS = NO;
				CLANG_ANALYZER_NONNULL = YES;
				CLANG_ENABLE_MODULES = YES;
				CLANG_ENABLE_OBJC_ARC = YES;
				COPY_PHASE_STRIP = NO;
				DEBUG_INFORMATION_FORMAT = dwarf;
				ENABLE_STRICT_OBJC_MSGSEND = YES;
				ENABLE_TESTABILITY = YES;
				GCC_C_LANGUAGE_STANDARD = gnu17;
				GCC_DYNAMIC_NO_PIC = NO;
				GCC_OPTIMIZATION_LEVEL = 0;
				GCC_PREPROCESSOR_DEFINITIONS = (
					"DEBUG=1",
					"$(inherited)",
				);
				IPHONEOS_DEPLOYMENT_TARGET = 16.0;
				MTL_ENABLE_DEBUG_INFO = INCLUDE_SOURCE;
				MTL_FAST_MATH = YES;
				ONLY_ACTIVE_ARCH = YES;
				SDKROOT = iphoneos;
				SWIFT_ACTIVE_COMPILATION_CONDITIONS = DEBUG;
				SWIFT_OPTIMIZATION_LEVEL = "-Onone";
			};
			name = Debug;
		};
		1F00000000000000000000F2 /* Release */ = {
			isa = XCBuildConfiguration;
			buildSettings = {
				ALWAYS_SEARCH_USER_PATHS = NO;
				CLANG_ANALYZER_NONNULL = YES;
				CLANG_ENABLE_MODULES = YES;
				CLANG_ENABLE_OBJC_ARC = YES;
				COPY_PHASE_STRIP = NO;
				DEBUG_INFORMATION_FORMAT = "dwarf-with-dsym";
				ENABLE_NS_ASSERTIONS = NO;
				ENABLE_STRICT_OBJC_MSGSEND = YES;
				GCC_C_LANGUAGE_STANDARD = gnu17;
				IPHONEOS_DEPLOYMENT_TARGET = 16.0;
				MTL_ENABLE_DEBUG_INFO = NO;
				MTL_FAST_MATH = YES;
				SDKROOT = iphoneos;
				SWIFT_COMPILATION_MODE = wholemodule;
				SWIFT_OPTIMIZATION_LEVEL = "-O";
				VALIDATE_PRODUCT = YES;
			};
			name = Release;
		};
		1F00000000000000000000F3 /* Debug */ = {
			isa = XCBuildConfiguration;
			buildSettings = {
				ASSETCATALOG_COMPILER_APPICON_NAME = AppIcon;
				ASSETCATALOG_COMPILER_GLOBAL_ACCENT_COLOR_NAME = AccentColor;
				CODE_SIGN_ENTITLEMENTS = OfflineListen/OfflineListen.entitlements;
				CODE_SIGN_STYLE = Automatic;
				CURRENT_PROJECT_VERSION = 1;
				DEVELOPMENT_TEAM = "";
				ENABLE_PREVIEWS = YES;
				GENERATE_INFOPLIST_FILE = NO;
				INFOPLIST_FILE = OfflineListen/Info.plist;
				IPHONEOS_DEPLOYMENT_TARGET = 16.0;
				LD_RUNPATH_SEARCH_PATHS = (
					"$(inherited)",
					"@executable_path/Frameworks",
				);
				MARKETING_VERSION = 1.0;
				PRODUCT_BUNDLE_IDENTIFIER = com.offlinelisten.app;
				PRODUCT_NAME = "$(TARGET_NAME)";
				SWIFT_EMIT_LOC_STRINGS = YES;
				SWIFT_VERSION = 5.0;
				TARGETED_DEVICE_FAMILY = "1,2";
			};
			name = Debug;
		};
		1F00000000000000000000F4 /* Release */ = {
			isa = XCBuildConfiguration;
			buildSettings = {
				ASSETCATALOG_COMPILER_APPICON_NAME = AppIcon;
				ASSETCATALOG_COMPILER_GLOBAL_ACCENT_COLOR_NAME = AccentColor;
				CODE_SIGN_ENTITLEMENTS = OfflineListen/OfflineListen.entitlements;
				CODE_SIGN_STYLE = Automatic;
				CURRENT_PROJECT_VERSION = 1;
				DEVELOPMENT_TEAM = "";
				ENABLE_PREVIEWS = YES;
				GENERATE_INFOPLIST_FILE = NO;
				INFOPLIST_FILE = OfflineListen/Info.plist;
				IPHONEOS_DEPLOYMENT_TARGET = 16.0;
				LD_RUNPATH_SEARCH_PATHS = (
					"$(inherited)",
					"@executable_path/Frameworks",
				);
				MARKETING_VERSION = 1.0;
				PRODUCT_BUNDLE_IDENTIFIER = com.offlinelisten.app;
				PRODUCT_NAME = "$(TARGET_NAME)";
				SWIFT_EMIT_LOC_STRINGS = YES;
				SWIFT_VERSION = 5.0;
				TARGETED_DEVICE_FAMILY = "1,2";
			};
			name = Release;
		};
		3F00000000000000000000A1 /* Debug */ = {
			isa = XCBuildConfiguration;
			buildSettings = {
				CODE_SIGN_ENTITLEMENTS = ShareExtension/ShareExtension.entitlements;
				CODE_SIGN_STYLE = Automatic;
				CURRENT_PROJECT_VERSION = 1;
				DEBUG_INFORMATION_FORMAT = dwarf;
				GENERATE_INFOPLIST_FILE = NO;
				INFOPLIST_FILE = ShareExtension/Info.plist;
				IPHONEOS_DEPLOYMENT_TARGET = 16.0;
				LD_RUNPATH_SEARCH_PATHS = (
					"$(inherited)",
					"@executable_path/Frameworks",
					"@executable_path/../../Frameworks",
				);
				MARKETING_VERSION = 1.0;
				PRODUCT_BUNDLE_IDENTIFIER = com.offlinelisten.app.ShareExtension;
				PRODUCT_NAME = "$(TARGET_NAME)";
				SKIP_INSTALL = YES;
				SWIFT_ACTIVE_COMPILATION_CONDITIONS = DEBUG;
				SWIFT_OPTIMIZATION_LEVEL = "-Onone";
				SWIFT_VERSION = 5.0;
				TARGETED_DEVICE_FAMILY = "1,2";
			};
			name = Debug;
		};
		3F00000000000000000000A2 /* Release */ = {
			isa = XCBuildConfiguration;
			buildSettings = {
				CODE_SIGN_ENTITLEMENTS = ShareExtension/ShareExtension.entitlements;
				CODE_SIGN_STYLE = Automatic;
				CURRENT_PROJECT_VERSION = 1;
				DEBUG_INFORMATION_FORMAT = "dwarf-with-dsym";
				GENERATE_INFOPLIST_FILE = NO;
				INFOPLIST_FILE = ShareExtension/Info.plist;
				IPHONEOS_DEPLOYMENT_TARGET = 16.0;
				LD_RUNPATH_SEARCH_PATHS = (
					"$(inherited)",
					"@executable_path/Frameworks",
					"@executable_path/../../Frameworks",
				);
				MARKETING_VERSION = 1.0;
				PRODUCT_BUNDLE_IDENTIFIER = com.offlinelisten.app.ShareExtension;
				PRODUCT_NAME = "$(TARGET_NAME)";
				SKIP_INSTALL = YES;
				SWIFT_COMPILATION_MODE = wholemodule;
				SWIFT_OPTIMIZATION_LEVEL = "-O";
				SWIFT_VERSION = 5.0;
				TARGETED_DEVICE_FAMILY = "1,2";
			};
			name = Release;
		};
/* End XCBuildConfiguration section */

/* Begin XCConfigurationList section */
		1E00000000000000000000E1 /* Build configuration list for PBXProject "OfflineListen" */ = {
			isa = XCConfigurationList;
			buildConfigurations = (
				1F00000000000000000000F1 /* Debug */,
				1F00000000000000000000F2 /* Release */,
			);
			defaultConfigurationIsVisible = 0;
			defaultConfigurationName = Release;
		};
		1E00000000000000000000E2 /* Build configuration list for PBXNativeTarget "OfflineListen" */ = {
			isa = XCConfigurationList;
			buildConfigurations = (
				1F00000000000000000000F3 /* Debug */,
				1F00000000000000000000F4 /* Release */,
			);
			defaultConfigurationIsVisible = 0;
			defaultConfigurationName = Release;
		};
		3E00000000000000000000A1 /* Build configuration list for PBXNativeTarget "ShareExtension" */ = {
			isa = XCConfigurationList;
			buildConfigurations = (
				3F00000000000000000000A1 /* Debug */,
				3F00000000000000000000A2 /* Release */,
			);
			defaultConfigurationIsVisible = 0;
			defaultConfigurationName = Release;
		};
/* End XCConfigurationList section */

/* Begin XCRemoteSwiftPackageReference section */
		2200000000000000000000A2 /* XCRemoteSwiftPackageReference "YoutubeDL-iOS" */ = {
			isa = XCRemoteSwiftPackageReference;
			repositoryURL = "https://github.com/kewlbear/YoutubeDL-iOS.git";
			requirement = {
				branch = main;
				kind = branch;
			};
		};
		2200000000000000000000A3 /* XCRemoteSwiftPackageReference "YouTubeKit" */ = {
			isa = XCRemoteSwiftPackageReference;
			repositoryURL = "https://github.com/b5i/YouTubeKit.git";
			requirement = {
				branch = main;
				kind = branch;
			};
		};
/* End XCRemoteSwiftPackageReference section */

/* Begin XCSwiftPackageProductDependency section */
		2300000000000000000000A2 /* YoutubeDL */ = {
			isa = XCSwiftPackageProductDependency;
			package = 2200000000000000000000A2 /* XCRemoteSwiftPackageReference "YoutubeDL-iOS" */;
			productName = YoutubeDL;
		};
		2300000000000000000000A3 /* YouTubeKit */ = {
			isa = XCSwiftPackageProductDependency;
			package = 2200000000000000000000A3 /* XCRemoteSwiftPackageReference "YouTubeKit" */;
			productName = YouTubeKit;
		};
/* End XCSwiftPackageProductDependency section */
	};
	rootObject = 2100000000000000000000A0 /* Project object */;
}
